
Microsoft Visual Studio Solution File, Format Version 12.00
# Visual Studio Version 16
VisualStudioVersion = 16.0.29709.97
MinimumVisualStudioVersion = 10.0.40219.1
Project("{9A19103F-16F7-4668-BE54-9A1E7A4F7556}") = "DutchTreat", "DutchTreat.csproj", "{275BDDA1-29B0-4677-8F73-3E6FDB77B272}"
EndProject
Project("{2150E333-8FDC-42A3-9474-1A3956D46DE8}") = "Solution Items", "Solution Items", "{4134B767-2A04-465E-A169-38DED6013288}"
	ProjectSection(SolutionItems) = preProject
		index.html = index.html
	EndProjectSection
EndProject
Global
	GlobalSection(SolutionConfigurationPlatforms) = preSolution
		Debug|Any CPU = Debug|Any CPU
		Release|Any CPU = Release|Any CPU
	EndGlobalSection
	GlobalSection(ProjectConfigurationPlatforms) = postSolution
		{275BDDA1-29B0-4677-8F73-3E6FDB77B272}.Debug|Any CPU.ActiveCfg = Debug|Any CPU
		{275BDDA1-29B0-4677-8F73-3E6FDB77B272}.Debug|Any CPU.Build.0 = Debug|Any CPU
		{275BDDA1-29B0-4677-8F73-3E6FDB77B272}.Release|Any CPU.ActiveCfg = Release|Any CPU
		{275BDDA1-29B0-4677-8F73-3E6FDB77B272}.Release|Any CPU.Build.0 = Release|Any CPU
	EndGlobalSection
	GlobalSection(SolutionProperties) = preSolution
		HideSolutionNode = FALSE
	EndGlobalSection
	GlobalSection(ExtensibilityGlobals) = postSolution
		SolutionGuid = {F105717B-3EA5-44FB-AA15-172118DE7A11}
	EndGlobalSection
EndGlobal
